
Microsoft Visual Studio Solution File, Format Version 12.00
# Visual Studio Version 16
VisualStudioVersion = 16.0.29806.167
MinimumVisualStudioVersion = 10.0.40219.1
Project("{9A19103F-16F7-4668-BE54-9A1E7A4F7556}") = "Factor Out Prime Numbers", "Week1\Factor Out Prime Numbers.csproj", "{2C95F445-61E2-4FAD-862B-2A9DCD112D13}"
EndProject
Project("{9A19103F-16F7-4668-BE54-9A1E7A4F7556}") = "Integer Array", "Integer Array\Integer Array.csproj", "{AE5E6216-5B55-4F2A-96A1-C6D13F4FDFFC}"
EndProject
Project("{9A19103F-16F7-4668-BE54-9A1E7A4F7556}") = "The Sieve of Eratosthenes", "The Sieve of Eratosthenes\The Sieve of Eratosthenes.csproj", "{17402F00-E0B1-44F3-AB31-2CD28493D090}"
EndProject
Project("{9A19103F-16F7-4668-BE54-9A1E7A4F7556}") = "Toeplitz Matrix", "Toeplitz Matrix\Toeplitz Matrix.csproj", "{327B2506-05C9-4E36-8F3B-2EEA5C8DE48F}"
EndProject
Project("{FAE04EC0-301F-11D3-BF4B-00C04F79EFBC}") = "Calculator", "Calculator\Calculator.csproj", "{C86E7BDE-4504-47C1-9284-7AB05FFC7632}"
EndProject
Global
	GlobalSection(SolutionConfigurationPlatforms) = preSolution
		Debug|Any CPU = Debug|Any CPU
		Release|Any CPU = Release|Any CPU
	EndGlobalSection
	GlobalSection(ProjectConfigurationPlatforms) = postSolution
		{2C95F445-61E2-4FAD-862B-2A9DCD112D13}.Debug|Any CPU.ActiveCfg = Debug|Any CPU
		{2C95F445-61E2-4FAD-862B-2A9DCD112D13}.Debug|Any CPU.Build.0 = Debug|Any CPU
		{2C95F445-61E2-4FAD-862B-2A9DCD112D13}.Release|Any CPU.ActiveCfg = Release|Any CPU
		{2C95F445-61E2-4FAD-862B-2A9DCD112D13}.Release|Any CPU.Build.0 = Release|Any CPU
		{AE5E6216-5B55-4F2A-96A1-C6D13F4FDFFC}.Debug|Any CPU.ActiveCfg = Debug|Any CPU
		{AE5E6216-5B55-4F2A-96A1-C6D13F4FDFFC}.Debug|Any CPU.Build.0 = Debug|Any CPU
		{AE5E6216-5B55-4F2A-96A1-C6D13F4FDFFC}.Release|Any CPU.ActiveCfg = Release|Any CPU
		{AE5E6216-5B55-4F2A-96A1-C6D13F4FDFFC}.Release|Any CPU.Build.0 = Release|Any CPU
		{17402F00-E0B1-44F3-AB31-2CD28493D090}.Debug|Any CPU.ActiveCfg = Debug|Any CPU
		{17402F00-E0B1-44F3-AB31-2CD28493D090}.Debug|Any CPU.Build.0 = Debug|Any CPU
		{17402F00-E0B1-44F3-AB31-2CD28493D090}.Release|Any CPU.ActiveCfg = Release|Any CPU
		{17402F00-E0B1-44F3-AB31-2CD28493D090}.Release|Any CPU.Build.0 = Release|Any CPU
		{327B2506-05C9-4E36-8F3B-2EEA5C8DE48F}.Debug|Any CPU.ActiveCfg = Debug|Any CPU
		{327B2506-05C9-4E36-8F3B-2EEA5C8DE48F}.Debug|Any CPU.Build.0 = Debug|Any CPU
		{327B2506-05C9-4E36-8F3B-2EEA5C8DE48F}.Release|Any CPU.ActiveCfg = Release|Any CPU
		{327B2506-05C9-4E36-8F3B-2EEA5C8DE48F}.Release|Any CPU.Build.0 = Release|Any CPU
		{C86E7BDE-4504-47C1-9284-7AB05FFC7632}.Debug|Any CPU.ActiveCfg = Debug|Any CPU
		{C86E7BDE-4504-47C1-9284-7AB05FFC7632}.Debug|Any CPU.Build.0 = Debug|Any CPU
		{C86E7BDE-4504-47C1-9284-7AB05FFC7632}.Release|Any CPU.ActiveCfg = Release|Any CPU
		{C86E7BDE-4504-47C1-9284-7AB05FFC7632}.Release|Any CPU.Build.0 = Release|Any CPU
	EndGlobalSection
	GlobalSection(SolutionProperties) = preSolution
		HideSolutionNode = FALSE
	EndGlobalSection
	GlobalSection(ExtensibilityGlobals) = postSolution
		SolutionGuid = {2CABF52B-B026-4A42-94FF-135CEAAD8408}
	EndGlobalSection
EndGlobal
